#MicroXplorer Configuration settings - do not modify
ADC1.Channel-0\#ChannelRegularConversion=ADC_CHANNEL_10
ADC1.IPParameters=Rank-0\#ChannelRegularConversion,master,Channel-0\#ChannelRegularConversion,SamplingTime-0\#ChannelRegularConversion,NbrOfConversionFlag
ADC1.NbrOfConversionFlag=1
ADC1.Rank-0\#ChannelRegularConversion=1
ADC1.SamplingTime-0\#ChannelRegularConversion=ADC_SAMPLETIME_3CYCLES
ADC1.master=1
Dma.ADC1.7.Direction=DMA_PERIPH_TO_MEMORY
Dma.ADC1.7.FIFOMode=DMA_FIFOMODE_DISABLE
Dma.ADC1.7.Instance=DMA2_Stream0
Dma.ADC1.7.MemDataAlignment=DMA_MDATAALIGN_HALFWORD
Dma.ADC1.7.MemInc=DMA_MINC_ENABLE
Dma.ADC1.7.Mode=DMA_NORMAL
Dma.ADC1.7.PeriphDataAlignment=DMA_PDATAALIGN_HALFWORD
Dma.ADC1.7.PeriphInc=DMA_PINC_DISABLE
Dma.ADC1.7.Priority=DMA_PRIORITY_LOW
Dma.ADC1.7.RequestParameters=Instance,Direction,PeriphInc,MemInc,PeriphDataAlignment,MemDataAlignment,Mode,Priority,FIFOMode
Dma.Request0=SPI2_RX
Dma.Request1=SPI2_TX
Dma.Request2=USART6_RX
Dma.Request3=USART3_RX
Dma.Request4=USART2_RX
Dma.Request5=USART1_TX
Dma.Request6=UART4_RX
Dma.Request7=ADC1
Dma.Request8=USART6_TX
Dma.RequestsNb=9
Dma.SPI2_RX.0.Direction=DMA_PERIPH_TO_MEMORY
Dma.SPI2_RX.0.FIFOMode=DMA_FIFOMODE_DISABLE
Dma.SPI2_RX.0.Instance=DMA1_Stream3
Dma.SPI2_RX.0.MemDataAlignment=DMA_MDATAALIGN_BYTE
Dma.SPI2_RX.0.MemInc=DMA_MINC_ENABLE
Dma.SPI2_RX.0.Mode=DMA_NORMAL
Dma.SPI2_RX.0.PeriphDataAlignment=DMA_PDATAALIGN_BYTE
Dma.SPI2_RX.0.PeriphInc=DMA_PINC_DISABLE
Dma.SPI2_RX.0.Priority=DMA_PRIORITY_LOW
Dma.SPI2_RX.0.RequestParameters=Instance,Direction,PeriphInc,MemInc,PeriphDataAlignment,MemDataAlignment,Mode,Priority,FIFOMode
Dma.SPI2_TX.1.Direction=DMA_MEMORY_TO_PERIPH
Dma.SPI2_TX.1.FIFOMode=DMA_FIFOMODE_DISABLE
Dma.SPI2_TX.1.Instance=DMA1_Stream4
Dma.SPI2_TX.1.MemDataAlignment=DMA_MDATAALIGN_BYTE
Dma.SPI2_TX.1.MemInc=DMA_MINC_ENABLE
Dma.SPI2_TX.1.Mode=DMA_NORMAL
Dma.SPI2_TX.1.PeriphDataAlignment=DMA_PDATAALIGN_BYTE
Dma.SPI2_TX.1.PeriphInc=DMA_PINC_DISABLE
Dma.SPI2_TX.1.Priority=DMA_PRIORITY_LOW
Dma.SPI2_TX.1.RequestParameters=Instance,Direction,PeriphInc,MemInc,PeriphDataAlignment,MemDataAlignment,Mode,Priority,FIFOMode
Dma.UART4_RX.6.Direction=DMA_PERIPH_TO_MEMORY
Dma.UART4_RX.6.FIFOMode=DMA_FIFOMODE_DISABLE
Dma.UART4_RX.6.Instance=DMA1_Stream2
Dma.UART4_RX.6.MemDataAlignment=DMA_MDATAALIGN_BYTE
Dma.UART4_RX.6.MemInc=DMA_MINC_ENABLE
Dma.UART4_RX.6.Mode=DMA_NORMAL
Dma.UART4_RX.6.PeriphDataAlignment=DMA_PDATAALIGN_BYTE
Dma.UART4_RX.6.PeriphInc=DMA_PINC_DISABLE
Dma.UART4_RX.6.Priority=DMA_PRIORITY_LOW
Dma.UART4_RX.6.RequestParameters=Instance,Direction,PeriphInc,MemInc,PeriphDataAlignment,MemDataAlignment,Mode,Priority,FIFOMode
Dma.USART1_TX.5.Direction=DMA_MEMORY_TO_PERIPH
Dma.USART1_TX.5.FIFOMode=DMA_FIFOMODE_DISABLE
Dma.USART1_TX.5.Instance=DMA2_Stream7
Dma.USART1_TX.5.MemDataAlignment=DMA_MDATAALIGN_BYTE
Dma.USART1_TX.5.MemInc=DMA_MINC_ENABLE
Dma.USART1_TX.5.Mode=DMA_NORMAL
Dma.USART1_TX.5.PeriphDataAlignment=DMA_PDATAALIGN_BYTE
Dma.USART1_TX.5.PeriphInc=DMA_PINC_DISABLE
Dma.USART1_TX.5.Priority=DMA_PRIORITY_LOW
Dma.USART1_TX.5.RequestParameters=Instance,Direction,PeriphInc,MemInc,PeriphDataAlignment,MemDataAlignment,Mode,Priority,FIFOMode
Dma.USART2_RX.4.Direction=DMA_PERIPH_TO_MEMORY
Dma.USART2_RX.4.FIFOMode=DMA_FIFOMODE_DISABLE
Dma.USART2_RX.4.Instance=DMA1_Stream5
Dma.USART2_RX.4.MemDataAlignment=DMA_MDATAALIGN_BYTE
Dma.USART2_RX.4.MemInc=DMA_MINC_ENABLE
Dma.USART2_RX.4.Mode=DMA_NORMAL
Dma.USART2_RX.4.PeriphDataAlignment=DMA_PDATAALIGN_BYTE
Dma.USART2_RX.4.PeriphInc=DMA_PINC_DISABLE
Dma.USART2_RX.4.Priority=DMA_PRIORITY_LOW
Dma.USART2_RX.4.RequestParameters=Instance,Direction,PeriphInc,MemInc,PeriphDataAlignment,MemDataAlignment,Mode,Priority,FIFOMode
Dma.USART3_RX.3.Direction=DMA_PERIPH_TO_MEMORY
Dma.USART3_RX.3.FIFOMode=DMA_FIFOMODE_DISABLE
Dma.USART3_RX.3.Instance=DMA1_Stream1
Dma.USART3_RX.3.MemDataAlignment=DMA_MDATAALIGN_BYTE
Dma.USART3_RX.3.MemInc=DMA_MINC_ENABLE
Dma.USART3_RX.3.Mode=DMA_NORMAL
Dma.USART3_RX.3.PeriphDataAlignment=DMA_PDATAALIGN_BYTE
Dma.USART3_RX.3.PeriphInc=DMA_PINC_DISABLE
Dma.USART3_RX.3.Priority=DMA_PRIORITY_LOW
Dma.USART3_RX.3.RequestParameters=Instance,Direction,PeriphInc,MemInc,PeriphDataAlignment,MemDataAlignment,Mode,Priority,FIFOMode
Dma.USART6_RX.2.Direction=DMA_PERIPH_TO_MEMORY
Dma.USART6_RX.2.FIFOMode=DMA_FIFOMODE_DISABLE
Dma.USART6_RX.2.Instance=DMA2_Stream1
Dma.USART6_RX.2.MemDataAlignment=DMA_MDATAALIGN_BYTE
Dma.USART6_RX.2.MemInc=DMA_MINC_ENABLE
Dma.USART6_RX.2.Mode=DMA_NORMAL
Dma.USART6_RX.2.PeriphDataAlignment=DMA_PDATAALIGN_BYTE
Dma.USART6_RX.2.PeriphInc=DMA_PINC_DISABLE
Dma.USART6_RX.2.Priority=DMA_PRIORITY_LOW
Dma.USART6_RX.2.RequestParameters=Instance,Direction,PeriphInc,MemInc,PeriphDataAlignment,MemDataAlignment,Mode,Priority,FIFOMode
Dma.USART6_TX.8.Direction=DMA_MEMORY_TO_PERIPH
Dma.USART6_TX.8.FIFOMode=DMA_FIFOMODE_DISABLE
Dma.USART6_TX.8.Instance=DMA2_Stream6
Dma.USART6_TX.8.MemDataAlignment=DMA_MDATAALIGN_BYTE
Dma.USART6_TX.8.MemInc=DMA_MINC_ENABLE
Dma.USART6_TX.8.Mode=DMA_NORMAL
Dma.USART6_TX.8.PeriphDataAlignment=DMA_PDATAALIGN_BYTE
Dma.USART6_TX.8.PeriphInc=DMA_PINC_DISABLE
Dma.USART6_TX.8.Priority=DMA_PRIORITY_LOW
Dma.USART6_TX.8.RequestParameters=Instance,Direction,PeriphInc,MemInc,PeriphDataAlignment,MemDataAlignment,Mode,Priority,FIFOMode
FATFS.IPParameters=_MAX_SS
FATFS._MAX_SS=4096
FREERTOS.IPParameters=Tasks01
FREERTOS.Tasks01=defaultTask,0,128,StartDefaultTask,Default,NULL,Dynamic,NULL,NULL
File.Version=6
GPIO.groupedBy=Group By Peripherals
KeepUserPlacement=false
Mcu.CPN=STM32F405RGT6
Mcu.Family=STM32F4
Mcu.IP0=ADC1
Mcu.IP1=DMA
Mcu.IP10=TIM4
Mcu.IP11=UART4
Mcu.IP12=USART1
Mcu.IP13=USART2
Mcu.IP14=USART3
Mcu.IP15=USART6
Mcu.IP16=USB_DEVICE
Mcu.IP17=USB_OTG_FS
Mcu.IP2=FATFS
Mcu.IP3=FREERTOS
Mcu.IP4=NVIC
Mcu.IP5=RCC
Mcu.IP6=SDIO
Mcu.IP7=SPI2
Mcu.IP8=SYS
Mcu.IP9=TIM3
Mcu.IPNb=18
Mcu.Name=STM32F405RGTx
Mcu.Package=LQFP64
Mcu.Pin0=PH0-OSC_IN
Mcu.Pin1=PH1-OSC_OUT
Mcu.Pin10=PA7
Mcu.Pin11=PC4
Mcu.Pin12=PC5
Mcu.Pin13=PB0
Mcu.Pin14=PB1
Mcu.Pin15=PB2
Mcu.Pin16=PB10
Mcu.Pin17=PB11
Mcu.Pin18=PB12
Mcu.Pin19=PB13
Mcu.Pin2=PC0
Mcu.Pin20=PB14
Mcu.Pin21=PB15
Mcu.Pin22=PC6
Mcu.Pin23=PC7
Mcu.Pin24=PC8
Mcu.Pin25=PC9
Mcu.Pin26=PA8
Mcu.Pin27=PA9
Mcu.Pin28=PA10
Mcu.Pin29=PA11
Mcu.Pin3=PA0-WKUP
Mcu.Pin30=PA12
Mcu.Pin31=PC10
Mcu.Pin32=PC11
Mcu.Pin33=PC12
Mcu.Pin34=PD2
Mcu.Pin35=VP_FATFS_VS_SDIO
Mcu.Pin36=VP_FREERTOS_VS_CMSIS_V1
Mcu.Pin37=VP_SYS_VS_tim1
Mcu.Pin38=VP_TIM3_VS_ClockSourceINT
Mcu.Pin39=VP_TIM4_VS_ClockSourceINT
Mcu.Pin4=PA1
Mcu.Pin40=VP_USB_DEVICE_VS_USB_DEVICE_MSC_FS
Mcu.Pin5=PA2
Mcu.Pin6=PA3
Mcu.Pin7=PA4
Mcu.Pin8=PA5
Mcu.Pin9=PA6
Mcu.PinsNb=41
Mcu.ThirdPartyNb=0
Mcu.UserConstants=
Mcu.UserName=STM32F405RGTx
MxCube.Version=6.6.1
MxDb.Version=DB.6.0.60
NVIC.BusFault_IRQn=true\:0\:0\:false\:false\:true\:false\:false\:false\:false
NVIC.DMA1_Stream1_IRQn=true\:5\:0\:false\:false\:true\:true\:false\:true\:true
NVIC.DMA1_Stream2_IRQn=true\:5\:0\:false\:false\:true\:true\:false\:true\:true
NVIC.DMA1_Stream3_IRQn=true\:5\:0\:false\:false\:true\:true\:false\:true\:true
NVIC.DMA1_Stream4_IRQn=true\:5\:0\:false\:false\:true\:true\:false\:true\:true
NVIC.DMA1_Stream5_IRQn=true\:5\:0\:false\:false\:true\:true\:false\:true\:true
NVIC.DMA2_Stream0_IRQn=true\:5\:0\:false\:false\:true\:true\:false\:true\:true
NVIC.DMA2_Stream1_IRQn=true\:5\:0\:false\:false\:true\:true\:false\:true\:true
NVIC.DMA2_Stream6_IRQn=true\:5\:0\:false\:false\:true\:true\:false\:true\:true
NVIC.DMA2_Stream7_IRQn=true\:5\:0\:false\:false\:true\:true\:false\:true\:true
NVIC.DebugMonitor_IRQn=true\:0\:0\:false\:false\:true\:false\:false\:false\:false
NVIC.EXTI2_IRQn=true\:5\:0\:false\:false\:true\:true\:true\:true\:true
NVIC.EXTI4_IRQn=true\:5\:0\:false\:false\:true\:true\:true\:true\:true
NVIC.EXTI9_5_IRQn=true\:5\:0\:false\:false\:true\:true\:true\:true\:true
NVIC.ForceEnableDMAVector=true
NVIC.HardFault_IRQn=true\:0\:0\:false\:false\:true\:false\:false\:false\:false
NVIC.MemoryManagement_IRQn=true\:0\:0\:false\:false\:true\:false\:false\:false\:false
NVIC.NonMaskableInt_IRQn=true\:0\:0\:false\:false\:true\:false\:false\:false\:false
NVIC.OTG_FS_IRQn=true\:5\:0\:false\:false\:true\:true\:false\:true\:true
NVIC.PendSV_IRQn=true\:15\:0\:false\:false\:false\:true\:false\:false\:false
NVIC.PriorityGroup=NVIC_PRIORITYGROUP_4
NVIC.SVCall_IRQn=true\:0\:0\:false\:false\:false\:false\:false\:false\:false
NVIC.SavedPendsvIrqHandlerGenerated=true
NVIC.SavedSvcallIrqHandlerGenerated=true
NVIC.SavedSystickIrqHandlerGenerated=true
NVIC.SysTick_IRQn=true\:15\:0\:false\:false\:false\:true\:false\:true\:false
NVIC.TIM1_UP_TIM10_IRQn=true\:15\:0\:false\:false\:true\:false\:false\:true\:true
NVIC.TIM4_IRQn=true\:5\:0\:true\:false\:true\:true\:true\:true\:true
NVIC.TimeBase=TIM1_UP_TIM10_IRQn
NVIC.TimeBaseIP=TIM1
NVIC.USART1_IRQn=true\:5\:0\:false\:false\:true\:true\:true\:true\:true
NVIC.USART6_IRQn=true\:5\:0\:false\:false\:true\:true\:true\:true\:true
NVIC.UsageFault_IRQn=true\:0\:0\:false\:false\:true\:false\:false\:false\:false
PA0-WKUP.Mode=Asynchronous
PA0-WKUP.Signal=UART4_TX
PA1.Mode=Asynchronous
PA1.Signal=UART4_RX
PA10.Mode=Asynchronous
PA10.Signal=USART1_RX
PA11.Mode=Device_Only
PA11.Signal=USB_OTG_FS_DM
PA12.Mode=Device_Only
PA12.Signal=USB_OTG_FS_DP
PA2.Mode=Asynchronous
PA2.Signal=USART2_TX
PA3.Mode=Asynchronous
PA3.Signal=USART2_RX
PA4.Locked=true
PA4.Signal=GPIO_Output
PA5.Locked=true
PA5.Signal=GPIO_Output
PA6.Signal=S_TIM3_CH1
PA7.Signal=S_TIM3_CH2
PA8.Locked=true
PA8.Signal=GPXTI8
PA9.Mode=Asynchronous
PA9.Signal=USART1_TX
PB0.Signal=S_TIM3_CH3
PB1.Signal=S_TIM3_CH4
PB10.Mode=Asynchronous
PB10.Signal=USART3_TX
PB11.Mode=Asynchronous
PB11.Signal=USART3_RX
PB12.Locked=true
PB12.Signal=GPIO_Output
PB13.Locked=true
PB13.Mode=Full_Duplex_Master
PB13.Signal=SPI2_SCK
PB14.Locked=true
PB14.Mode=Full_Duplex_Master
PB14.Signal=SPI2_MISO
PB15.Locked=true
PB15.Mode=Full_Duplex_Master
PB15.Signal=SPI2_MOSI
PB2.Locked=true
PB2.Signal=GPXTI2
PC0.Locked=true
PC0.Signal=ADCx_IN10
PC10.Mode=SD_4_bits_Wide_bus
PC10.Signal=SDIO_D2
PC11.Mode=SD_4_bits_Wide_bus
PC11.Signal=SDIO_D3
PC12.Mode=SD_4_bits_Wide_bus
PC12.Signal=SDIO_CK
PC4.GPIOParameters=GPIO_ModeDefaultEXTI
PC4.GPIO_ModeDefaultEXTI=GPIO_MODE_IT_FALLING
PC4.Locked=true
PC4.Signal=GPXTI4
PC5.Locked=true
PC5.Signal=GPIO_Output
PC6.Mode=Asynchronous
PC6.Signal=USART6_TX
PC7.Mode=Asynchronous
PC7.Signal=USART6_RX
PC8.Mode=SD_4_bits_Wide_bus
PC8.Signal=SDIO_D0
PC9.Mode=SD_4_bits_Wide_bus
PC9.Signal=SDIO_D1
PD2.Mode=SD_4_bits_Wide_bus
PD2.Signal=SDIO_CMD
PH0-OSC_IN.Mode=HSE-External-Oscillator
PH0-OSC_IN.Signal=RCC_OSC_IN
PH1-OSC_OUT.Mode=HSE-External-Oscillator
PH1-OSC_OUT.Signal=RCC_OSC_OUT
PinOutPanel.RotationAngle=0
ProjectManager.AskForMigrate=true
ProjectManager.BackupPrevious=false
ProjectManager.CompilerOptimize=6
ProjectManager.ComputerToolchain=false
ProjectManager.CoupleFile=false
ProjectManager.CustomerFirmwarePackage=
ProjectManager.DefaultFWLocation=true
ProjectManager.DeletePrevious=true
ProjectManager.DeviceId=STM32F405RGTx
ProjectManager.FirmwarePackage=STM32Cube FW_F4 V1.27.1
ProjectManager.FreePins=false
ProjectManager.HalAssertFull=false
ProjectManager.HeapSize=0x200
ProjectManager.KeepUserCode=true
ProjectManager.LastFirmware=true
ProjectManager.LibraryCopy=1
ProjectManager.MainLocation=Core/Src
ProjectManager.NoMain=false
ProjectManager.PreviousToolchain=
ProjectManager.ProjectBuild=false
ProjectManager.ProjectFileName=flightController_v3.ioc
ProjectManager.ProjectName=flightController_v3
ProjectManager.RegisterCallBack=
ProjectManager.StackSize=0x400
ProjectManager.TargetToolchain=STM32CubeIDE
ProjectManager.ToolChainLocation=
ProjectManager.UnderRoot=true
ProjectManager.functionlistsort=1-SystemClock_Config-RCC-false-HAL-false,2-MX_GPIO_Init-GPIO-false-HAL-true,3-MX_DMA_Init-DMA-false-HAL-true,4-MX_SPI2_Init-SPI2-false-HAL-true,5-MX_USART1_UART_Init-USART1-false-HAL-true,6-MX_SDIO_SD_Init-SDIO-false-HAL-true,7-MX_USB_DEVICE_Init-USB_DEVICE-false-HAL-false,8-MX_USART3_UART_Init-USART3-false-HAL-true,9-MX_ADC1_Init-ADC1-false-HAL-true,10-MX_UART4_Init-UART4-false-HAL-true,11-MX_USART2_UART_Init-USART2-false-HAL-true,12-MX_USART6_UART_Init-USART6-false-HAL-true,13-MX_TIM4_Init-TIM4-false-HAL-true,14-MX_TIM3_Init-TIM3-false-HAL-true,15-MX_FATFS_Init-FATFS-false-HAL-false
RCC.48MHZClocksFreq_Value=48000000
RCC.AHBFreq_Value=144000000
RCC.APB1CLKDivider=RCC_HCLK_DIV4
RCC.APB1Freq_Value=36000000
RCC.APB1TimFreq_Value=72000000
RCC.APB2CLKDivider=RCC_HCLK_DIV2
RCC.APB2Freq_Value=72000000
RCC.APB2TimFreq_Value=144000000
RCC.CortexFreq_Value=144000000
RCC.EthernetFreq_Value=144000000
RCC.FCLKCortexFreq_Value=144000000
RCC.FamilyName=M
RCC.HCLKFreq_Value=144000000
RCC.HSE_VALUE=16000000
RCC.HSI_VALUE=16000000
RCC.I2SClocksFreq_Value=192000000
RCC.IPParameters=48MHZClocksFreq_Value,AHBFreq_Value,APB1CLKDivider,APB1Freq_Value,APB1TimFreq_Value,APB2CLKDivider,APB2Freq_Value,APB2TimFreq_Value,CortexFreq_Value,EthernetFreq_Value,FCLKCortexFreq_Value,FamilyName,HCLKFreq_Value,HSE_VALUE,HSI_VALUE,I2SClocksFreq_Value,LSE_VALUE,LSI_VALUE,MCO2PinFreq_Value,PLLCLKFreq_Value,PLLM,PLLN,PLLQ,PLLQCLKFreq_Value,RTCFreq_Value,RTCHSEDivFreq_Value,SYSCLKFreq_VALUE,SYSCLKSource,VCOI2SOutputFreq_Value,VCOInputFreq_Value,VCOOutputFreq_Value,VcooutputI2S
RCC.LSE_VALUE=32768
RCC.LSI_VALUE=32000
RCC.MCO2PinFreq_Value=144000000
RCC.PLLCLKFreq_Value=144000000
RCC.PLLM=8
RCC.PLLN=144
RCC.PLLQ=6
RCC.PLLQCLKFreq_Value=48000000
RCC.RTCFreq_Value=32000
RCC.RTCHSEDivFreq_Value=8000000
RCC.SYSCLKFreq_VALUE=144000000
RCC.SYSCLKSource=RCC_SYSCLKSOURCE_PLLCLK
RCC.VCOI2SOutputFreq_Value=384000000
RCC.VCOInputFreq_Value=2000000
RCC.VCOOutputFreq_Value=288000000
RCC.VcooutputI2S=192000000
SDIO.ClockDiv=8
SDIO.IPParameters=ClockDiv
SH.ADCx_IN10.0=ADC1_IN10,IN10
SH.ADCx_IN10.ConfNb=1
SH.GPXTI2.0=GPIO_EXTI2
SH.GPXTI2.ConfNb=1
SH.GPXTI4.0=GPIO_EXTI4
SH.GPXTI4.ConfNb=1
SH.GPXTI8.0=GPIO_EXTI8
SH.GPXTI8.ConfNb=1
SH.S_TIM3_CH1.0=TIM3_CH1,PWM Generation1 CH1
SH.S_TIM3_CH1.ConfNb=1
SH.S_TIM3_CH2.0=TIM3_CH2,PWM Generation2 CH2
SH.S_TIM3_CH2.ConfNb=1
SH.S_TIM3_CH3.0=TIM3_CH3,PWM Generation3 CH3
SH.S_TIM3_CH3.ConfNb=1
SH.S_TIM3_CH4.0=TIM3_CH4,PWM Generation4 CH4
SH.S_TIM3_CH4.ConfNb=1
SPI2.CalculateBaudRate=18.0 MBits/s
SPI2.Direction=SPI_DIRECTION_2LINES
SPI2.IPParameters=VirtualType,Mode,Direction,CalculateBaudRate
SPI2.Mode=SPI_MODE_MASTER
SPI2.VirtualType=VM_MASTER
TIM3.Channel-PWM\ Generation1\ CH1=TIM_CHANNEL_1
TIM3.Channel-PWM\ Generation2\ CH2=TIM_CHANNEL_2
TIM3.Channel-PWM\ Generation3\ CH3=TIM_CHANNEL_3
TIM3.Channel-PWM\ Generation4\ CH4=TIM_CHANNEL_4
TIM3.IPParameters=Channel-PWM Generation1 CH1,Channel-PWM Generation2 CH2,Channel-PWM Generation3 CH3,Channel-PWM Generation4 CH4,Prescaler,Period
TIM3.Period=6000-1
TIM3.Prescaler=3-1
TIM4.IPParameters=Prescaler,Period
TIM4.Period=500-1
TIM4.Prescaler=72-1
UART4.BaudRate=9600
UART4.IPParameters=VirtualMode,BaudRate
UART4.VirtualMode=Asynchronous
USART1.BaudRate=9600
USART1.IPParameters=VirtualMode,BaudRate
USART1.VirtualMode=VM_ASYNC
USART2.BaudRate=19200
USART2.IPParameters=VirtualMode,BaudRate
USART2.VirtualMode=VM_ASYNC
USART3.BaudRate=100000
USART3.IPParameters=VirtualMode,BaudRate,Parity,StopBits
USART3.Parity=PARITY_EVEN
USART3.StopBits=STOPBITS_2
USART3.VirtualMode=VM_ASYNC
USART6.IPParameters=VirtualMode
USART6.VirtualMode=VM_ASYNC
USB_DEVICE.CLASS_NAME_FS=MSC
USB_DEVICE.IPParameters=VirtualMode-MSC_FS,VirtualModeFS,CLASS_NAME_FS
USB_DEVICE.VirtualMode-MSC_FS=Msc
USB_DEVICE.VirtualModeFS=Msc_FS
USB_OTG_FS.IPParameters=VirtualMode
USB_OTG_FS.VirtualMode=Device_Only
VP_FATFS_VS_SDIO.Mode=SDIO
VP_FATFS_VS_SDIO.Signal=FATFS_VS_SDIO
VP_FREERTOS_VS_CMSIS_V1.Mode=CMSIS_V1
VP_FREERTOS_VS_CMSIS_V1.Signal=FREERTOS_VS_CMSIS_V1
VP_SYS_VS_tim1.Mode=TIM1
VP_SYS_VS_tim1.Signal=SYS_VS_tim1
VP_TIM3_VS_ClockSourceINT.Mode=Internal
VP_TIM3_VS_ClockSourceINT.Signal=TIM3_VS_ClockSourceINT
VP_TIM4_VS_ClockSourceINT.Mode=Internal
VP_TIM4_VS_ClockSourceINT.Signal=TIM4_VS_ClockSourceINT
VP_USB_DEVICE_VS_USB_DEVICE_MSC_FS.Mode=MSC_FS
VP_USB_DEVICE_VS_USB_DEVICE_MSC_FS.Signal=USB_DEVICE_VS_USB_DEVICE_MSC_FS
board=custom
isbadioc=false
